
Microsoft Visual Studio Solution File, Format Version 12.00
# Visual Studio 15
VisualStudioVersion = 15.0.28010.2041
MinimumVisualStudioVersion = 10.0.40219.1
Project("{FAE04EC0-301F-11D3-BF4B-00C04F79EFBC}") = "XamaSip.Android", "XamaSip\XamaSip.Android\XamaSip.Android.csproj", "{D8DA63FE-9F1E-4801-8D30-155E2F831949}"
EndProject
Project("{FAE04EC0-301F-11D3-BF4B-00C04F79EFBC}") = "XamaSip.iOS", "XamaSip\XamaSip.iOS\XamaSip.iOS.csproj", "{60C89F8C-E7FD-424B-80D6-271C821F8C5F}"
EndProject
Project("{FAE04EC0-301F-11D3-BF4B-00C04F79EFBC}") = "XamaSip", "XamaSip\XamaSip\XamaSip.csproj", "{C502150D-990E-4111-93DA-8C380ECD38E6}"
EndProject
Global
	GlobalSection(SolutionConfigurationPlatforms) = preSolution
		Ad-Hoc|Any CPU = Ad-Hoc|Any CPU
		Ad-Hoc|iPhone = Ad-Hoc|iPhone
		Ad-Hoc|iPhoneSimulator = Ad-Hoc|iPhoneSimulator
		AppStore|Any CPU = AppStore|Any CPU
		AppStore|iPhone = AppStore|iPhone
		AppStore|iPhoneSimulator = AppStore|iPhoneSimulator
		Debug|Any CPU = Debug|Any CPU
		Debug|iPhone = Debug|iPhone
		Debug|iPhoneSimulator = Debug|iPhoneSimulator
		Release|Any CPU = Release|Any CPU
		Release|iPhone = Release|iPhone
		Release|iPhoneSimulator = Release|iPhoneSimulator
	EndGlobalSection
	GlobalSection(ProjectConfigurationPlatforms) = postSolution
		{D8DA63FE-9F1E-4801-8D30-155E2F831949}.Ad-Hoc|Any CPU.ActiveCfg = Release|Any CPU
		{D8DA63FE-9F1E-4801-8D30-155E2F831949}.Ad-Hoc|Any CPU.Build.0 = Release|Any CPU
		{D8DA63FE-9F1E-4801-8D30-155E2F831949}.Ad-Hoc|Any CPU.Deploy.0 = Release|Any CPU
		{D8DA63FE-9F1E-4801-8D30-155E2F831949}.Ad-Hoc|iPhone.ActiveCfg = Release|Any CPU
		{D8DA63FE-9F1E-4801-8D30-155E2F831949}.Ad-Hoc|iPhone.Build.0 = Release|Any CPU
		{D8DA63FE-9F1E-4801-8D30-155E2F831949}.Ad-Hoc|iPhone.Deploy.0 = Release|Any CPU
		{D8DA63FE-9F1E-4801-8D30-155E2F831949}.Ad-Hoc|iPhoneSimulator.ActiveCfg = Release|Any CPU
		{D8DA63FE-9F1E-4801-8D30-155E2F831949}.Ad-Hoc|iPhoneSimulator.Build.0 = Release|Any CPU
		{D8DA63FE-9F1E-4801-8D30-155E2F831949}.Ad-Hoc|iPhoneSimulator.Deploy.0 = Release|Any CPU
		{D8DA63FE-9F1E-4801-8D30-155E2F831949}.AppStore|Any CPU.ActiveCfg = Release|Any CPU
		{D8DA63FE-9F1E-4801-8D30-155E2F831949}.AppStore|Any CPU.Build.0 = Release|Any CPU
		{D8DA63FE-9F1E-4801-8D30-155E2F831949}.AppStore|Any CPU.Deploy.0 = Release|Any CPU
		{D8DA63FE-9F1E-4801-8D30-155E2F831949}.AppStore|iPhone.ActiveCfg = Release|Any CPU
		{D8DA63FE-9F1E-4801-8D30-155E2F831949}.AppStore|iPhone.Build.0 = Release|Any CPU
		{D8DA63FE-9F1E-4801-8D30-155E2F831949}.AppStore|iPhone.Deploy.0 = Release|Any CPU
		{D8DA63FE-9F1E-4801-8D30-155E2F831949}.AppStore|iPhoneSimulator.ActiveCfg = Release|Any CPU
		{D8DA63FE-9F1E-4801-8D30-155E2F831949}.AppStore|iPhoneSimulator.Build.0 = Release|Any CPU
		{D8DA63FE-9F1E-4801-8D30-155E2F831949}.AppStore|iPhoneSimulator.Deploy.0 = Release|Any CPU
		{D8DA63FE-9F1E-4801-8D30-155E2F831949}.Debug|Any CPU.ActiveCfg = Debug|Any CPU
		{D8DA63FE-9F1E-4801-8D30-155E2F831949}.Debug|Any CPU.Build.0 = Debug|Any CPU
		{D8DA63FE-9F1E-4801-8D30-155E2F831949}.Debug|Any CPU.Deploy.0 = Debug|Any CPU
		{D8DA63FE-9F1E-4801-8D30-155E2F831949}.Debug|iPhone.ActiveCfg = Debug|Any CPU
		{D8DA63FE-9F1E-4801-8D30-155E2F831949}.Debug|iPhone.Build.0 = Debug|Any CPU
		{D8DA63FE-9F1E-4801-8D30-155E2F831949}.Debug|iPhone.Deploy.0 = Debug|Any CPU
		{D8DA63FE-9F1E-4801-8D30-155E2F831949}.Debug|iPhoneSimulator.ActiveCfg = Debug|Any CPU
		{D8DA63FE-9F1E-4801-8D30-155E2F831949}.Debug|iPhoneSimulator.Build.0 = Debug|Any CPU
		{D8DA63FE-9F1E-4801-8D30-155E2F831949}.Debug|iPhoneSimulator.Deploy.0 = Debug|Any CPU
		{D8DA63FE-9F1E-4801-8D30-155E2F831949}.Release|Any CPU.ActiveCfg = Release|Any CPU
		{D8DA63FE-9F1E-4801-8D30-155E2F831949}.Release|Any CPU.Build.0 = Release|Any CPU
		{D8DA63FE-9F1E-4801-8D30-155E2F831949}.Release|Any CPU.Deploy.0 = Release|Any CPU
		{D8DA63FE-9F1E-4801-8D30-155E2F831949}.Release|iPhone.ActiveCfg = Release|Any CPU
		{D8DA63FE-9F1E-4801-8D30-155E2F831949}.Release|iPhone.Build.0 = Release|Any CPU
		{D8DA63FE-9F1E-4801-8D30-155E2F831949}.Release|iPhone.Deploy.0 = Release|Any CPU
		{D8DA63FE-9F1E-4801-8D30-155E2F831949}.Release|iPhoneSimulator.ActiveCfg = Release|Any CPU
		{D8DA63FE-9F1E-4801-8D30-155E2F831949}.Release|iPhoneSimulator.Build.0 = Release|Any CPU
		{D8DA63FE-9F1E-4801-8D30-155E2F831949}.Release|iPhoneSimulator.Deploy.0 = Release|Any CPU
		{60C89F8C-E7FD-424B-80D6-271C821F8C5F}.Ad-Hoc|Any CPU.ActiveCfg = Ad-Hoc|iPhone
		{60C89F8C-E7FD-424B-80D6-271C821F8C5F}.Ad-Hoc|Any CPU.Build.0 = Ad-Hoc|iPhone
		{60C89F8C-E7FD-424B-80D6-271C821F8C5F}.Ad-Hoc|Any CPU.Deploy.0 = Ad-Hoc|iPhone
		{60C89F8C-E7FD-424B-80D6-271C821F8C5F}.Ad-Hoc|iPhone.ActiveCfg = Ad-Hoc|iPhone
		{60C89F8C-E7FD-424B-80D6-271C821F8C5F}.Ad-Hoc|iPhone.Build.0 = Ad-Hoc|iPhone
		{60C89F8C-E7FD-424B-80D6-271C821F8C5F}.Ad-Hoc|iPhone.Deploy.0 = Ad-Hoc|iPhone
		{60C89F8C-E7FD-424B-80D6-271C821F8C5F}.Ad-Hoc|iPhoneSimulator.ActiveCfg = Ad-Hoc|iPhoneSimulator
		{60C89F8C-E7FD-424B-80D6-271C821F8C5F}.Ad-Hoc|iPhoneSimulator.Build.0 = Ad-Hoc|iPhoneSimulator
		{60C89F8C-E7FD-424B-80D6-271C821F8C5F}.Ad-Hoc|iPhoneSimulator.Deploy.0 = Ad-Hoc|iPhoneSimulator
		{60C89F8C-E7FD-424B-80D6-271C821F8C5F}.AppStore|Any CPU.ActiveCfg = AppStore|iPhone
		{60C89F8C-E7FD-424B-80D6-271C821F8C5F}.AppStore|Any CPU.Build.0 = AppStore|iPhone
		{60C89F8C-E7FD-424B-80D6-271C821F8C5F}.AppStore|Any CPU.Deploy.0 = AppStore|iPhone
		{60C89F8C-E7FD-424B-80D6-271C821F8C5F}.AppStore|iPhone.ActiveCfg = AppStore|iPhone
		{60C89F8C-E7FD-424B-80D6-271C821F8C5F}.AppStore|iPhone.Build.0 = AppStore|iPhone
		{60C89F8C-E7FD-424B-80D6-271C821F8C5F}.AppStore|iPhone.Deploy.0 = AppStore|iPhone
		{60C89F8C-E7FD-424B-80D6-271C821F8C5F}.AppStore|iPhoneSimulator.ActiveCfg = AppStore|iPhoneSimulator
		{60C89F8C-E7FD-424B-80D6-271C821F8C5F}.AppStore|iPhoneSimulator.Build.0 = AppStore|iPhoneSimulator
		{60C89F8C-E7FD-424B-80D6-271C821F8C5F}.AppStore|iPhoneSimulator.Deploy.0 = AppStore|iPhoneSimulator
		{60C89F8C-E7FD-424B-80D6-271C821F8C5F}.Debug|Any CPU.ActiveCfg = Debug|iPhoneSimulator
		{60C89F8C-E7FD-424B-80D6-271C821F8C5F}.Debug|Any CPU.Build.0 = Debug|iPhoneSimulator
		{60C89F8C-E7FD-424B-80D6-271C821F8C5F}.Debug|Any CPU.Deploy.0 = Debug|iPhoneSimulator
		{60C89F8C-E7FD-424B-80D6-271C821F8C5F}.Debug|iPhone.ActiveCfg = Debug|iPhone
		{60C89F8C-E7FD-424B-80D6-271C821F8C5F}.Debug|iPhone.Build.0 = Debug|iPhone
		{60C89F8C-E7FD-424B-80D6-271C821F8C5F}.Debug|iPhone.Deploy.0 = Debug|iPhone
		{60C89F8C-E7FD-424B-80D6-271C821F8C5F}.Debug|iPhoneSimulator.ActiveCfg = Debug|iPhoneSimulator
		{60C89F8C-E7FD-424B-80D6-271C821F8C5F}.Debug|iPhoneSimulator.Build.0 = Debug|iPhoneSimulator
		{60C89F8C-E7FD-424B-80D6-271C821F8C5F}.Debug|iPhoneSimulator.Deploy.0 = Debug|iPhoneSimulator
		{60C89F8C-E7FD-424B-80D6-271C821F8C5F}.Release|Any CPU.ActiveCfg = Release|iPhone
		{60C89F8C-E7FD-424B-80D6-271C821F8C5F}.Release|Any CPU.Build.0 = Release|iPhone
		{60C89F8C-E7FD-424B-80D6-271C821F8C5F}.Release|Any CPU.Deploy.0 = Release|iPhone
		{60C89F8C-E7FD-424B-80D6-271C821F8C5F}.Release|iPhone.ActiveCfg = Release|iPhone
		{60C89F8C-E7FD-424B-80D6-271C821F8C5F}.Release|iPhone.Build.0 = Release|iPhone
		{60C89F8C-E7FD-424B-80D6-271C821F8C5F}.Release|iPhone.Deploy.0 = Release|iPhone
		{60C89F8C-E7FD-424B-80D6-271C821F8C5F}.Release|iPhoneSimulator.ActiveCfg = Release|iPhoneSimulator
		{60C89F8C-E7FD-424B-80D6-271C821F8C5F}.Release|iPhoneSimulator.Build.0 = Release|iPhoneSimulator
		{60C89F8C-E7FD-424B-80D6-271C821F8C5F}.Release|iPhoneSimulator.Deploy.0 = Release|iPhoneSimulator
		{C502150D-990E-4111-93DA-8C380ECD38E6}.Ad-Hoc|Any CPU.ActiveCfg = Debug|Any CPU
		{C502150D-990E-4111-93DA-8C380ECD38E6}.Ad-Hoc|Any CPU.Build.0 = Debug|Any CPU
		{C502150D-990E-4111-93DA-8C380ECD38E6}.Ad-Hoc|Any CPU.Deploy.0 = Debug|Any CPU
		{C502150D-990E-4111-93DA-8C380ECD38E6}.Ad-Hoc|iPhone.ActiveCfg = Debug|Any CPU
		{C502150D-990E-4111-93DA-8C380ECD38E6}.Ad-Hoc|iPhone.Build.0 = Debug|Any CPU
		{C502150D-990E-4111-93DA-8C380ECD38E6}.Ad-Hoc|iPhone.Deploy.0 = Debug|Any CPU
		{C502150D-990E-4111-93DA-8C380ECD38E6}.Ad-Hoc|iPhoneSimulator.ActiveCfg = Debug|Any CPU
		{C502150D-990E-4111-93DA-8C380ECD38E6}.Ad-Hoc|iPhoneSimulator.Build.0 = Debug|Any CPU
		{C502150D-990E-4111-93DA-8C380ECD38E6}.Ad-Hoc|iPhoneSimulator.Deploy.0 = Debug|Any CPU
		{C502150D-990E-4111-93DA-8C380ECD38E6}.AppStore|Any CPU.ActiveCfg = Debug|Any CPU
		{C502150D-990E-4111-93DA-8C380ECD38E6}.AppStore|Any CPU.Build.0 = Debug|Any CPU
		{C502150D-990E-4111-93DA-8C380ECD38E6}.AppStore|Any CPU.Deploy.0 = Debug|Any CPU
		{C502150D-990E-4111-93DA-8C380ECD38E6}.AppStore|iPhone.ActiveCfg = Debug|Any CPU
		{C502150D-990E-4111-93DA-8C380ECD38E6}.AppStore|iPhone.Build.0 = Debug|Any CPU
		{C502150D-990E-4111-93DA-8C380ECD38E6}.AppStore|iPhone.Deploy.0 = Debug|Any CPU
		{C502150D-990E-4111-93DA-8C380ECD38E6}.AppStore|iPhoneSimulator.ActiveCfg = Debug|Any CPU
		{C502150D-990E-4111-93DA-8C380ECD38E6}.AppStore|iPhoneSimulator.Build.0 = Debug|Any CPU
		{C502150D-990E-4111-93DA-8C380ECD38E6}.AppStore|iPhoneSimulator.Deploy.0 = Debug|Any CPU
		{C502150D-990E-4111-93DA-8C380ECD38E6}.Debug|Any CPU.ActiveCfg = Debug|Any CPU
		{C502150D-990E-4111-93DA-8C380ECD38E6}.Debug|Any CPU.Build.0 = Debug|Any CPU
		{C502150D-990E-4111-93DA-8C380ECD38E6}.Debug|Any CPU.Deploy.0 = Debug|Any CPU
		{C502150D-990E-4111-93DA-8C380ECD38E6}.Debug|iPhone.ActiveCfg = Debug|Any CPU
		{C502150D-990E-4111-93DA-8C380ECD38E6}.Debug|iPhone.Build.0 = Debug|Any CPU
		{C502150D-990E-4111-93DA-8C380ECD38E6}.Debug|iPhone.Deploy.0 = Debug|Any CPU
		{C502150D-990E-4111-93DA-8C380ECD38E6}.Debug|iPhoneSimulator.ActiveCfg = Debug|Any CPU
		{C502150D-990E-4111-93DA-8C380ECD38E6}.Debug|iPhoneSimulator.Build.0 = Debug|Any CPU
		{C502150D-990E-4111-93DA-8C380ECD38E6}.Debug|iPhoneSimulator.Deploy.0 = Debug|Any CPU
		{C502150D-990E-4111-93DA-8C380ECD38E6}.Release|Any CPU.ActiveCfg = Release|Any CPU
		{C502150D-990E-4111-93DA-8C380ECD38E6}.Release|Any CPU.Build.0 = Release|Any CPU
		{C502150D-990E-4111-93DA-8C380ECD38E6}.Release|Any CPU.Deploy.0 = Release|Any CPU
		{C502150D-990E-4111-93DA-8C380ECD38E6}.Release|iPhone.ActiveCfg = Release|Any CPU
		{C502150D-990E-4111-93DA-8C380ECD38E6}.Release|iPhone.Build.0 = Release|Any CPU
		{C502150D-990E-4111-93DA-8C380ECD38E6}.Release|iPhone.Deploy.0 = Release|Any CPU
		{C502150D-990E-4111-93DA-8C380ECD38E6}.Release|iPhoneSimulator.ActiveCfg = Release|Any CPU
		{C502150D-990E-4111-93DA-8C380ECD38E6}.Release|iPhoneSimulator.Build.0 = Release|Any CPU
		{C502150D-990E-4111-93DA-8C380ECD38E6}.Release|iPhoneSimulator.Deploy.0 = Release|Any CPU
	EndGlobalSection
	GlobalSection(SolutionProperties) = preSolution
		HideSolutionNode = FALSE
	EndGlobalSection
	GlobalSection(ExtensibilityGlobals) = postSolution
		SolutionGuid = {001E5212-98F2-4A5B-B285-06C53EBEE969}
	EndGlobalSection
EndGlobal
